
Microsoft Visual Studio Solution File, Format Version 12.00
# Visual Studio 15
VisualStudioVersion = 15.0.28307.329
MinimumVisualStudioVersion = 10.0.40219.1
Project("{FAE04EC0-301F-11D3-BF4B-00C04F79EFBC}") = "Project1.0", "Project1.0\Project1.0.csproj", "{78E844D8-F9B9-4DAF-BA77-51F3139A74C9}"
EndProject
Global
	GlobalSection(SolutionConfigurationPlatforms) = preSolution
		Debug|Any CPU = Debug|Any CPU
		Release|Any CPU = Release|Any CPU
	EndGlobalSection
	GlobalSection(ProjectConfigurationPlatforms) = postSolution
		{78E844D8-F9B9-4DAF-BA77-51F3139A74C9}.Debug|Any CPU.ActiveCfg = Debug|Any CPU
		{78E844D8-F9B9-4DAF-BA77-51F3139A74C9}.Debug|Any CPU.Build.0 = Debug|Any CPU
		{78E844D8-F9B9-4DAF-BA77-51F3139A74C9}.Release|Any CPU.ActiveCfg = Release|Any CPU
		{78E844D8-F9B9-4DAF-BA77-51F3139A74C9}.Release|Any CPU.Build.0 = Release|Any CPU
	EndGlobalSection
	GlobalSection(SolutionProperties) = preSolution
		HideSolutionNode = FALSE
	EndGlobalSection
	GlobalSection(ExtensibilityGlobals) = postSolution
		SolutionGuid = {381F5A57-FBE6-4AA1-A02A-CDB9A2B01BD6}
	EndGlobalSection
EndGlobal
